# THIS IS AN AUTOGENERATED FILE. DO NOT EDIT THIS FILE DIRECTLY.
# yarn lockfile v1


"@babel/runtime@^7.21.0":
  version "7.25.9"
  resolved "https://registry.yarnpkg.com/@babel/runtime/-/runtime-7.25.9.tgz#65884fd6dc255a775402cc1d9811082918f4bf00"
  integrity sha512-4zpTHZ9Cm6L9L+uIqghQX8ZXg8HKFcjYO3qHoO8zTmRm6HQUJ8SSJ+KRvbMBZn0EGVlT4DRYeQ/6hjlyXBh+Kg==
  dependencies:
    regenerator-runtime "^0.14.0"

"@faker-js/faker@^8.3.1":
  version "8.4.1"
  resolved "https://registry.yarnpkg.com/@faker-js/faker/-/faker-8.4.1.tgz#5d5e8aee8fce48f5e189bf730ebd1f758f491451"
  integrity sha512-XQ3cU+Q8Uqmrbf2e0cIC/QN43sTBSC8KF12u29Mb47tWrt2hAgBXSgpZMj4Ao8Uk0iJcU99QsOCaIL8934obCg==

"@prisma/client@^5.17.0":
  version "5.21.1"
  resolved "https://registry.yarnpkg.com/@prisma/client/-/client-5.21.1.tgz#ad51ef220eb80173f882e859960d81e626b73898"
  integrity sha512-3n+GgbAZYjaS/k0M03yQsQfR1APbr411r74foknnsGpmhNKBG49VuUkxIU6jORgvJPChoD4WC4PqoHImN1FP0w==

"@prisma/debug@5.21.1":
  version "5.21.1"
  resolved "https://registry.yarnpkg.com/@prisma/debug/-/debug-5.21.1.tgz#df4383cb8a6273b1d6112cda0f1d5bef73e71be7"
  integrity sha512-uY8SAhcnORhvgtOrNdvWS98Aq/nkQ9QDUxrWAgW8XrCZaI3j2X7zb7Xe6GQSh6xSesKffFbFlkw0c2luHQviZA==

"@prisma/engines-version@5.21.1-1.bf0e5e8a04cada8225617067eaa03d041e2bba36":
  version "5.21.1-1.bf0e5e8a04cada8225617067eaa03d041e2bba36"
  resolved "https://registry.yarnpkg.com/@prisma/engines-version/-/engines-version-5.21.1-1.bf0e5e8a04cada8225617067eaa03d041e2bba36.tgz#8a5f136a8ee71995bf635686bd2f1a6650f9320c"
  integrity sha512-qvnEflL0//lh44S/T9NcvTMxfyowNeUxTunPcDfKPjyJNrCNf2F1zQLcUv5UHAruECpX+zz21CzsC7V2xAeM7Q==

"@prisma/engines@5.21.1":
  version "5.21.1"
  resolved "https://registry.yarnpkg.com/@prisma/engines/-/engines-5.21.1.tgz#05f9bc50eb4aa169b31cadfb402165bd44e0653f"
  integrity sha512-hGVTldUkIkTwoV8//hmnAAiAchi4oMEKD3aW5H2RrnI50tTdwza7VQbTTAyN3OIHWlK5DVg6xV7X8N/9dtOydA==
  dependencies:
    "@prisma/debug" "5.21.1"
    "@prisma/engines-version" "5.21.1-1.bf0e5e8a04cada8225617067eaa03d041e2bba36"
    "@prisma/fetch-engine" "5.21.1"
    "@prisma/get-platform" "5.21.1"

"@prisma/fetch-engine@5.21.1":
  version "5.21.1"
  resolved "https://registry.yarnpkg.com/@prisma/fetch-engine/-/fetch-engine-5.21.1.tgz#c56008f954199a3f3f2183d892f093f64976e4d8"
  integrity sha512-70S31vgpCGcp9J+mh/wHtLCkVezLUqe/fGWk3J3JWZIN7prdYSlr1C0niaWUyNK2VflLXYi8kMjAmSxUVq6WGQ==
  dependencies:
    "@prisma/debug" "5.21.1"
    "@prisma/engines-version" "5.21.1-1.bf0e5e8a04cada8225617067eaa03d041e2bba36"
    "@prisma/get-platform" "5.21.1"

"@prisma/get-platform@5.21.1":
  version "5.21.1"
  resolved "https://registry.yarnpkg.com/@prisma/get-platform/-/get-platform-5.21.1.tgz#a2219e7755cec881dffc66469c31bb0975a95b54"
  integrity sha512-sRxjL3Igst3ct+e8ya/x//cDXmpLbZQ5vfps2N4tWl4VGKQAmym77C/IG/psSMsQKszc8uFC/q1dgmKFLUgXZQ==
  dependencies:
    "@prisma/debug" "5.21.1"

"@prisma/prisma-schema-wasm@4.17.0-26.6b0aef69b7cdfc787f822ecd7cdc76d5f1991584":
  version "4.17.0-26.6b0aef69b7cdfc787f822ecd7cdc76d5f1991584"
  resolved "https://registry.yarnpkg.com/@prisma/prisma-schema-wasm/-/prisma-schema-wasm-4.17.0-26.6b0aef69b7cdfc787f822ecd7cdc76d5f1991584.tgz#58398a22a15d0a11ae7c8756de2b793bb8abfca3"
  integrity sha512-JFdsnSgBPN8reDTLOI9Vh/6ccCb2aD1LbY/LWQnkcIgNo6IdpzvuM+qRVbBuA6IZP2SdqQI8Lu6RL2P8EFBQUA==

"@selderee/plugin-htmlparser2@^0.11.0":
  version "0.11.0"
  resolved "https://registry.yarnpkg.com/@selderee/plugin-htmlparser2/-/plugin-htmlparser2-0.11.0.tgz#d5b5e29a7ba6d3958a1972c7be16f4b2c188c517"
  integrity sha512-P33hHGdldxGabLFjPPpaTxVolMrzrcegejx+0GxjrIb9Zv48D8yAIA/QTDR2dFl7Uz7urX8aX6+5bCZslr+gWQ==
  dependencies:
    domhandler "^5.0.3"
    selderee "^0.11.0"

"@types/html-to-text@^9.0.1":
  version "9.0.4"
  resolved "https://registry.yarnpkg.com/@types/html-to-text/-/html-to-text-9.0.4.tgz#4a83dd8ae8bfa91457d0b1ffc26f4d0537eff58c"
  integrity sha512-pUY3cKH/Nm2yYrEmDlPR1mR7yszjGx4DrwPjQ702C4/D5CwHuZTgZdIdwPkRbcuhs7BAh2L5rg3CL5cbRiGTCQ==

"@types/node@^20.14.11":
  version "20.17.0"
  resolved "https://registry.yarnpkg.com/@types/node/-/node-20.17.0.tgz#d0620ba0fe4cf2a0f12351c7bdd805fc4e1f036b"
  integrity sha512-a7zRo0f0eLo9K5X9Wp5cAqTUNGzuFLDG2R7C4HY2BhcMAsxgSPuRvAC1ZB6QkuUQXf0YZAgfOX2ZyrBa2n4nHQ==
  dependencies:
    undici-types "~6.19.2"

"@types/ramda@^0.30.1":
  version "0.30.2"
  resolved "https://registry.yarnpkg.com/@types/ramda/-/ramda-0.30.2.tgz#70661b20c1bb969589a551b7134ae75008ffbfb6"
  integrity sha512-PyzHvjCalm2BRYjAU6nIB3TprYwMNOUY/7P/N8bSzp9W/yM2YrtGtAnnVtaCNSeOZ8DzKyFDvaqQs7LnWwwmBA==
  dependencies:
    types-ramda "^0.30.1"

date-fns@^2.29.3:
  version "2.30.0"
  resolved "https://registry.yarnpkg.com/date-fns/-/date-fns-2.30.0.tgz#f367e644839ff57894ec6ac480de40cae4b0f4d0"
  integrity sha512-fnULvOpxnC5/Vg3NCiWelDsLiUc9bRwAPs/+LfTLNvetFCtCTN+yQz15C/fs4AwX1R9K5GLtLfn8QW+dWisaAw==
  dependencies:
    "@babel/runtime" "^7.21.0"

deepmerge@^4.3.1:
  version "4.3.1"
  resolved "https://registry.yarnpkg.com/deepmerge/-/deepmerge-4.3.1.tgz#44b5f2147cd3b00d4b56137685966f26fd25dd4a"
  integrity sha512-3sUqbMEc77XqpdNO7FRyRog+eW3ph+GYCbj+rK+uYyRMuwsVy0rMiVtPn+QJlKFvWP/1PYpapqYn0Me2knFn+A==

dom-serializer@^2.0.0:
  version "2.0.0"
  resolved "https://registry.yarnpkg.com/dom-serializer/-/dom-serializer-2.0.0.tgz#e41b802e1eedf9f6cae183ce5e622d789d7d8e53"
  integrity sha512-wIkAryiqt/nV5EQKqQpo3SToSOV9J0DnbJqwK7Wv/Trc92zIAYZ4FlMu+JPFW1DfGFt81ZTCGgDEabffXeLyJg==
  dependencies:
    domelementtype "^2.3.0"
    domhandler "^5.0.2"
    entities "^4.2.0"

domelementtype@^2.3.0:
  version "2.3.0"
  resolved "https://registry.yarnpkg.com/domelementtype/-/domelementtype-2.3.0.tgz#5c45e8e869952626331d7aab326d01daf65d589d"
  integrity sha512-OLETBj6w0OsagBwdXnPdN0cnMfF9opN69co+7ZrbfPGrdpPVNBUj02spi6B1N7wChLQiPn4CSH/zJvXw56gmHw==

domhandler@^5.0.2, domhandler@^5.0.3:
  version "5.0.3"
  resolved "https://registry.yarnpkg.com/domhandler/-/domhandler-5.0.3.tgz#cc385f7f751f1d1fc650c21374804254538c7d31"
  integrity sha512-cgwlv/1iFQiFnU96XXgROh8xTeetsnJiDsTc7TYCLFd9+/WNkIqPTxiM/8pSd8VIrhXGTf1Ny1q1hquVqDJB5w==
  dependencies:
    domelementtype "^2.3.0"

domutils@^3.0.1:
  version "3.1.0"
  resolved "https://registry.yarnpkg.com/domutils/-/domutils-3.1.0.tgz#c47f551278d3dc4b0b1ab8cbb42d751a6f0d824e"
  integrity sha512-H78uMmQtI2AhgDJjWeQmHwJJ2bLPD3GMmO7Zja/ZZh84wkm+4ut+IUnUdRa8uCGX88DiVx1j6FRe1XfxEgjEZA==
  dependencies:
    dom-serializer "^2.0.0"
    domelementtype "^2.3.0"
    domhandler "^5.0.3"

entities@^4.2.0, entities@^4.4.0:
  version "4.5.0"
  resolved "https://registry.yarnpkg.com/entities/-/entities-4.5.0.tgz#5d268ea5e7113ec74c4d033b79ea5a35a488fb48"
  integrity sha512-V0hjH4dGPh9Ao5p0MoRY6BVqtwCjhz6vI5LT8AJ55H+4g9/4vbHx1I54fS0XuclLhDHArPQCiMjDxjaL8fPxhw==

fsevents@2.3.3:
  version "2.3.3"
  resolved "https://registry.yarnpkg.com/fsevents/-/fsevents-2.3.3.tgz#cac6407785d03675a2a5e1a5305c697b347d90d6"
  integrity sha512-5xoDfX+fL7faATnagmWPpbFtwh/R77WmMMqqHGS65C3vvB0YHrgF+B1YmZ3441tMj5n63k0212XNoJwzlhffQw==

html-to-text@^9.0.5:
  version "9.0.5"
  resolved "https://registry.yarnpkg.com/html-to-text/-/html-to-text-9.0.5.tgz#6149a0f618ae7a0db8085dca9bbf96d32bb8368d"
  integrity sha512-qY60FjREgVZL03vJU6IfMV4GDjGBIoOyvuFdpBDIX9yTlDw0TjxVBQp+P8NvpdIXNJvfWBTNul7fsAQJq2FNpg==
  dependencies:
    "@selderee/plugin-htmlparser2" "^0.11.0"
    deepmerge "^4.3.1"
    dom-serializer "^2.0.0"
    htmlparser2 "^8.0.2"
    selderee "^0.11.0"

htmlparser2@^8.0.2:
  version "8.0.2"
  resolved "https://registry.yarnpkg.com/htmlparser2/-/htmlparser2-8.0.2.tgz#f002151705b383e62433b5cf466f5b716edaec21"
  integrity sha512-GYdjWKDkbRLkZ5geuHs5NY1puJ+PXwP7+fHPRz06Eirsb9ugf6d8kkXav6ADhcODhFFPMIXyxkxSuMf3D6NCFA==
  dependencies:
    domelementtype "^2.3.0"
    domhandler "^5.0.3"
    domutils "^3.0.1"
    entities "^4.4.0"

leac@^0.6.0:
  version "0.6.0"
  resolved "https://registry.yarnpkg.com/leac/-/leac-0.6.0.tgz#dcf136e382e666bd2475f44a1096061b70dc0912"
  integrity sha512-y+SqErxb8h7nE/fiEX07jsbuhrpO9lL8eca7/Y1nuWV2moNlXhyd59iDGcRf6moVyDMbmTNzL40SUyrFU/yDpg==

parseley@^0.12.0:
  version "0.12.1"
  resolved "https://registry.yarnpkg.com/parseley/-/parseley-0.12.1.tgz#4afd561d50215ebe259e3e7a853e62f600683aef"
  integrity sha512-e6qHKe3a9HWr0oMRVDTRhKce+bRO8VGQR3NyVwcjwrbhMmFCX9KszEV35+rn4AdilFAq9VPxP/Fe1wC9Qjd2lw==
  dependencies:
    leac "^0.6.0"
    peberminta "^0.9.0"

peberminta@^0.9.0:
  version "0.9.0"
  resolved "https://registry.yarnpkg.com/peberminta/-/peberminta-0.9.0.tgz#8ec9bc0eb84b7d368126e71ce9033501dca2a352"
  integrity sha512-XIxfHpEuSJbITd1H3EeQwpcZbTLHc+VVr8ANI9t5sit565tsI4/xK3KWTUFE2e6QiangUkh3B0jihzmGnNrRsQ==

prettier-plugin-prisma@^5.0.0:
  version "5.0.0"
  resolved "https://registry.yarnpkg.com/prettier-plugin-prisma/-/prettier-plugin-prisma-5.0.0.tgz#f61f7419453a5ce9973156f1ac9d8309fad44e48"
  integrity sha512-jTJV04D9+yF7ziOOMs7CJe4ijgAH7DEGjt0SAWAToGNRy1H6BEhvcKA2UQH6gC6KVW5zeeOSAvsoiDDTt9oKXg==
  dependencies:
    "@prisma/prisma-schema-wasm" "4.17.0-26.6b0aef69b7cdfc787f822ecd7cdc76d5f1991584"

prettier@^3.3.3:
  version "3.3.3"
  resolved "https://registry.yarnpkg.com/prettier/-/prettier-3.3.3.tgz#30c54fe0be0d8d12e6ae61dbb10109ea00d53105"
  integrity sha512-i2tDNA0O5IrMO757lfrdQZCc2jPNDVntV0m/+4whiDfWaTKfMNgR7Qz0NAeGz/nRqF4m5/6CLzbP4/liHt12Ew==

prisma@^5.17.0:
  version "5.21.1"
  resolved "https://registry.yarnpkg.com/prisma/-/prisma-5.21.1.tgz#3ffe4f4b60ea8df2e6d5f24f0cea090bcc5c0bd6"
  integrity sha512-PB+Iqzld/uQBPaaw2UVIk84kb0ITsLajzsxzsadxxl54eaU5Gyl2/L02ysivHxK89t7YrfQJm+Ggk37uvM70oQ==
  dependencies:
    "@prisma/engines" "5.21.1"
  optionalDependencies:
    fsevents "2.3.3"

ramda@^0.30.1:
  version "0.30.1"
  resolved "https://registry.yarnpkg.com/ramda/-/ramda-0.30.1.tgz#7108ac95673062b060025052cd5143ae8fc605bf"
  integrity sha512-tEF5I22zJnuclswcZMc8bDIrwRHRzf+NqVEmqg50ShAZMP7MWeR/RGDthfM/p+BlqvF2fXAzpn8i+SJcYD3alw==

regenerator-runtime@^0.14.0:
  version "0.14.1"
  resolved "https://registry.yarnpkg.com/regenerator-runtime/-/regenerator-runtime-0.14.1.tgz#356ade10263f685dda125100cd862c1db895327f"
  integrity sha512-dYnhHh0nJoMfnkZs6GmmhFknAGRrLznOu5nc9ML+EJxGvrx6H7teuevqVqCuPcPK//3eDrrjQhehXVx9cnkGdw==

selderee@^0.11.0:
  version "0.11.0"
  resolved "https://registry.yarnpkg.com/selderee/-/selderee-0.11.0.tgz#6af0c7983e073ad3e35787ffe20cefd9daf0ec8a"
  integrity sha512-5TF+l7p4+OsnP8BCCvSyZiSPc4x4//p5uPwK8TCnVPJYRmU2aYKMpOXvw8zM5a5JvuuCGN1jmsMwuU2W02ukfA==
  dependencies:
    parseley "^0.12.0"

ts-toolbelt@^9.6.0:
  version "9.6.0"
  resolved "https://registry.yarnpkg.com/ts-toolbelt/-/ts-toolbelt-9.6.0.tgz#50a25426cfed500d4a09bd1b3afb6f28879edfd5"
  integrity sha512-nsZd8ZeNUzukXPlJmTBwUAuABDe/9qtVDelJeT/qW0ow3ZS3BsQJtNkan1802aM9Uf68/Y8ljw86Hu0h5IUW3w==

types-ramda@^0.30.1:
  version "0.30.1"
  resolved "https://registry.yarnpkg.com/types-ramda/-/types-ramda-0.30.1.tgz#03d255128e3696aeaac76281ca19949e01dddc78"
  integrity sha512-1HTsf5/QVRmLzcGfldPFvkVsAdi1db1BBKzi7iW3KBUlOICg/nKnFS+jGqDJS3YD8VsWbAh7JiHeBvbsw8RPxA==
  dependencies:
    ts-toolbelt "^9.6.0"

typescript@5.5.3:
  version "5.5.3"
  resolved "https://registry.yarnpkg.com/typescript/-/typescript-5.5.3.tgz#e1b0a3c394190838a0b168e771b0ad56a0af0faa"
  integrity sha512-/hreyEujaB0w76zKo6717l3L0o/qEUtRgdvUBvlkhoWeOVMjMuHNHk0BRBzikzuGDqNmPQbg5ifMEqsHLiIUcQ==

undici-types@~6.19.2:
  version "6.19.8"
  resolved "https://registry.yarnpkg.com/undici-types/-/undici-types-6.19.8.tgz#35111c9d1437ab83a7cdc0abae2f26d88eda0a02"
  integrity sha512-ve2KP6f/JnbPBFyobGHuerC9g1FYGn/F8n1LWTwNxCEzd6IfqTwUQcNXgEtmmQ6DlRrC1hrSrBnCZPokRrDHjw==
